
Microsoft Visual Studio Solution File, Format Version 12.00
# Visual Studio Version 16
VisualStudioVersion = 16.0.30204.135
MinimumVisualStudioVersion = 10.0.40219.1
Project("{FAE04EC0-301F-11D3-BF4B-00C04F79EFBC}") = "WebApplication1", "WebApplication1\WebApplication1.csproj", "{6DF1E444-406E-4C8A-A992-66599873126B}"
EndProject
Global
	GlobalSection(SolutionConfigurationPlatforms) = preSolution
		Debug|Any CPU = Debug|Any CPU
		Release|Any CPU = Release|Any CPU
	EndGlobalSection
	GlobalSection(ProjectConfigurationPlatforms) = postSolution
		{6DF1E444-406E-4C8A-A992-66599873126B}.Debug|Any CPU.ActiveCfg = Debug|Any CPU
		{6DF1E444-406E-4C8A-A992-66599873126B}.Debug|Any CPU.Build.0 = Debug|Any CPU
		{6DF1E444-406E-4C8A-A992-66599873126B}.Release|Any CPU.ActiveCfg = Release|Any CPU
		{6DF1E444-406E-4C8A-A992-66599873126B}.Release|Any CPU.Build.0 = Release|Any CPU
	EndGlobalSection
	GlobalSection(SolutionProperties) = preSolution
		HideSolutionNode = FALSE
	EndGlobalSection
	GlobalSection(ExtensibilityGlobals) = postSolution
		SolutionGuid = {FB904153-5A74-4C8F-8324-DDC1F1EFB34F}
	EndGlobalSection
EndGlobal
